
Microsoft Visual Studio Solution File, Format Version 12.00
# Visual Studio Version 16
VisualStudioVersion = 16.0.33027.164
MinimumVisualStudioVersion = 10.0.40219.1
Project("{FAE04EC0-301F-11D3-BF4B-00C04F79EFBC}") = "Angular_DB_Task", "Angular_DB_Task.csproj", "{4C3F828E-0619-4656-85E6-AE774AB87931}"
EndProject
Global
	GlobalSection(SolutionConfigurationPlatforms) = preSolution
		Debug|Any CPU = Debug|Any CPU
		Release|Any CPU = Release|Any CPU
	EndGlobalSection
	GlobalSection(ProjectConfigurationPlatforms) = postSolution
		{4C3F828E-0619-4656-85E6-AE774AB87931}.Debug|Any CPU.ActiveCfg = Debug|Any CPU
		{4C3F828E-0619-4656-85E6-AE774AB87931}.Debug|Any CPU.Build.0 = Debug|Any CPU
		{4C3F828E-0619-4656-85E6-AE774AB87931}.Release|Any CPU.ActiveCfg = Release|Any CPU
		{4C3F828E-0619-4656-85E6-AE774AB87931}.Release|Any CPU.Build.0 = Release|Any CPU
	EndGlobalSection
	GlobalSection(SolutionProperties) = preSolution
		HideSolutionNode = FALSE
	EndGlobalSection
	GlobalSection(ExtensibilityGlobals) = postSolution
		SolutionGuid = {D021A90B-2987-442E-B519-15348DA62263}
	EndGlobalSection
EndGlobal
